
Microsoft Visual Studio Solution File, Format Version 12.00
# Visual Studio 15
VisualStudioVersion = 15.0.27130.2003
MinimumVisualStudioVersion = 10.0.40219.1
Project("{00D1A9C2-B5F0-4AF3-8072-F6C62B433612}") = "DoorstepPlatformDB", "DoorstepPlatformDB\DoorstepPlatformDB.sqlproj", "{FC200E77-5566-490E-B2E1-44E643CA386E}"
EndProject
Project("{00D1A9C2-B5F0-4AF3-8072-F6C62B433612}") = "MembershipDB", "MembershipDB\MembershipDB.sqlproj", "{09343D28-70B0-4533-AF02-C55381566016}"
EndProject
Global
	GlobalSection(SolutionConfigurationPlatforms) = preSolution
		Debug|Any CPU = Debug|Any CPU
		Release|Any CPU = Release|Any CPU
	EndGlobalSection
	GlobalSection(ProjectConfigurationPlatforms) = postSolution
		{FC200E77-5566-490E-B2E1-44E643CA386E}.Debug|Any CPU.ActiveCfg = Debug|Any CPU
		{FC200E77-5566-490E-B2E1-44E643CA386E}.Debug|Any CPU.Build.0 = Debug|Any CPU
		{FC200E77-5566-490E-B2E1-44E643CA386E}.Debug|Any CPU.Deploy.0 = Debug|Any CPU
		{FC200E77-5566-490E-B2E1-44E643CA386E}.Release|Any CPU.ActiveCfg = Release|Any CPU
		{FC200E77-5566-490E-B2E1-44E643CA386E}.Release|Any CPU.Build.0 = Release|Any CPU
		{FC200E77-5566-490E-B2E1-44E643CA386E}.Release|Any CPU.Deploy.0 = Release|Any CPU
		{09343D28-70B0-4533-AF02-C55381566016}.Debug|Any CPU.ActiveCfg = Debug|Any CPU
		{09343D28-70B0-4533-AF02-C55381566016}.Debug|Any CPU.Build.0 = Debug|Any CPU
		{09343D28-70B0-4533-AF02-C55381566016}.Debug|Any CPU.Deploy.0 = Debug|Any CPU
		{09343D28-70B0-4533-AF02-C55381566016}.Release|Any CPU.ActiveCfg = Release|Any CPU
		{09343D28-70B0-4533-AF02-C55381566016}.Release|Any CPU.Build.0 = Release|Any CPU
		{09343D28-70B0-4533-AF02-C55381566016}.Release|Any CPU.Deploy.0 = Release|Any CPU
	EndGlobalSection
	GlobalSection(SolutionProperties) = preSolution
		HideSolutionNode = FALSE
	EndGlobalSection
	GlobalSection(ExtensibilityGlobals) = postSolution
		SolutionGuid = {B5F3129F-8228-4485-84DF-BCFDEA954DEE}
	EndGlobalSection
EndGlobal
